# THIS IS AN AUTOGENERATED FILE. DO NOT EDIT THIS FILE DIRECTLY.
# yarn lockfile v1


turbo-android-arm64@1.3.1:
  version "1.3.1"
  resolved "https://registry.yarnpkg.com/turbo-android-arm64/-/turbo-android-arm64-1.3.1.tgz#dae9bd087d6a17409fbd10ed82489a1ff39cbcc8"
  integrity sha512-JcnZh9tLbZDpKaXaao/s/k4qXt3TbNEc1xEYYXurVWnqiMueGeS7QAtThVB85ZSqzj7djk+ngSrZabPy5RG25Q==

turbo-darwin-64@1.3.1:
  version "1.3.1"
  resolved "https://registry.yarnpkg.com/turbo-darwin-64/-/turbo-darwin-64-1.3.1.tgz#efe64b9589f6a0f475b5123538b487d29e00d242"
  integrity sha512-TIGDradVFoGck86VIuM38KaDeNxdKaP2ti93UpQeFw26ZhPIeTAa6wUgnz4DQP6bjIvQmXlYJ16ETZb4tFYygg==

turbo-darwin-arm64@1.3.1:
  version "1.3.1"
  resolved "https://registry.yarnpkg.com/turbo-darwin-arm64/-/turbo-darwin-arm64-1.3.1.tgz#94a361e4e73ad02995303cf6c3d8cb03e85fcae4"
  integrity sha512-aLBq8KiMMmop7uKBkvDt/y+eER2UzxZyUzh1KWcZ7DZB5tFZnknEUyf2qggY2vd2WcDVfQ1EUjZ0MFxhhVaVzA==

turbo-freebsd-64@1.3.1:
  version "1.3.1"
  resolved "https://registry.yarnpkg.com/turbo-freebsd-64/-/turbo-freebsd-64-1.3.1.tgz#64b8fc1b9f2ad9b76b532ffdcce267b2934ecb86"
  integrity sha512-BOr/ifmxjlBeuDkDQLUJtzqzXQ2zPHHcI14U9Ys+z4Mza1uzQn/oSJqQvU5RuyRBVai7noMrpPS7QuKtDz0Cyg==

turbo-freebsd-arm64@1.3.1:
  version "1.3.1"
  resolved "https://registry.yarnpkg.com/turbo-freebsd-arm64/-/turbo-freebsd-arm64-1.3.1.tgz#b798af9b8898210058ca2752eadb711369f9ecea"
  integrity sha512-bHPZjK4xnGLz6/oxl5XmWhdYOdtBMSadrGhptWSZ0wBGNn/gQzDTeZAkQeqhh25AD0eM1hzDe8QUz8GlS43lrA==

turbo-linux-32@1.3.1:
  version "1.3.1"
  resolved "https://registry.yarnpkg.com/turbo-linux-32/-/turbo-linux-32-1.3.1.tgz#9eecada1c13f6391a7c6267349a0486987144093"
  integrity sha512-c5okimusfvivu9wS8MKSr+rXpQAV+M4TyR9JX+spIK8B1I7AjfECAqiK2D5WFWO1bQ33bUAuxXOEpUuLpgEm+g==

turbo-linux-64@1.3.1:
  version "1.3.1"
  resolved "https://registry.yarnpkg.com/turbo-linux-64/-/turbo-linux-64-1.3.1.tgz#eaf195b90a80f238561ab11fbde17c07af481c57"
  integrity sha512-O0pNX+N5gbmRcyZT+jsCPUNCN3DpIZHqNN35j7MT5nr0IkZa83CGbZnrEc+7Qws//jFJ26EngqD/JyRB2E8nwQ==

turbo-linux-arm64@1.3.1:
  version "1.3.1"
  resolved "https://registry.yarnpkg.com/turbo-linux-arm64/-/turbo-linux-arm64-1.3.1.tgz#ff9dc17c352c5f59440cb55cff59cb8b23db9d1b"
  integrity sha512-D6+1MeS/x+/VCCooHPU4NIpB8qI/eW70eMRA79bqTPaxxluP0g2CaxXgucco05P51YtNsSxeVcH7X76iadON6Q==

turbo-linux-arm@1.3.1:
  version "1.3.1"
  resolved "https://registry.yarnpkg.com/turbo-linux-arm/-/turbo-linux-arm-1.3.1.tgz#6be53e62a60a3c6f3ab33585f0442eb7441ecf3a"
  integrity sha512-f+r6JIwv/7ylxxJtgVi8cVw+6oNoD/r1IMTU6ejH8bfyMZZko4kkNwH9VYribQ44KDkJEgzdltnzFG5f6Hz10g==

turbo-linux-mips64le@1.3.1:
  version "1.3.1"
  resolved "https://registry.yarnpkg.com/turbo-linux-mips64le/-/turbo-linux-mips64le-1.3.1.tgz#ceddf8c8e222e66d05f7a68a71f66a2a3a0272a3"
  integrity sha512-yL64jgwVCziOpBcdpMxIsczkgwwOvmaqKObFKWyCNlk/LOl5NKODLwXEaryLaALtpwUAoS4ltMSI64gKqmLrOA==

turbo-linux-ppc64le@1.3.1:
  version "1.3.1"
  resolved "https://registry.yarnpkg.com/turbo-linux-ppc64le/-/turbo-linux-ppc64le-1.3.1.tgz#aa5658f6d19775e06b9fd136491dceab93ecffb2"
  integrity sha512-tjnM+8RosykS1lBpOPLDXGOz/Po2h796ty17uBd7IFslWPOI16a/akFOFoLH8PCiGGJMe3CYgRhEKn4sPWNxFA==

turbo-windows-32@1.3.1:
  version "1.3.1"
  resolved "https://registry.yarnpkg.com/turbo-windows-32/-/turbo-windows-32-1.3.1.tgz#e6e570bb381d9a4f78ea6e72102ab9bf493a3ad2"
  integrity sha512-Snnv+TVigulqwK6guHKndMlrLw88NXj8BtHRGrEksPR0QkyuHlwLf+tHYB4HmvpUl4W9lnXQf4hsljWP64BEdw==

turbo-windows-64@1.3.1:
  version "1.3.1"
  resolved "https://registry.yarnpkg.com/turbo-windows-64/-/turbo-windows-64-1.3.1.tgz#f891097331125c935cdaa160cc80c4cfc3e61b0e"
  integrity sha512-gLeohHG07yIhON1Pp0YNE00i/yzip2GFhkA6HdJaK95uE5bKULpqxuO414hOS/WzGwrGVXBKCImfe24XXh5T+Q==

turbo-windows-arm64@1.3.1:
  version "1.3.1"
  resolved "https://registry.yarnpkg.com/turbo-windows-arm64/-/turbo-windows-arm64-1.3.1.tgz#5abe1743b93e272641018cef213b21ac6c984f04"
  integrity sha512-0MWcHLvYgs/qdcoTFZ55nu8HhrpeiwXEMw9cbNfgqTlzy3OsrAsovYEJFyQ8KSxeploiD+QJlCdvhxx+5C0tlA==

turbo@^1.3.1:
  version "1.3.1"
  resolved "https://registry.yarnpkg.com/turbo/-/turbo-1.3.1.tgz#8091f3c8b654addaac84f9452476204a879b32ea"
  integrity sha512-DXckoGKlZgvTn/PrHpBI/57aeXR7tfyPf2dK+4LmBczt24ELA3o6eYHeA7KzfpSYhB2LE9qveYFQ6mJ1OzGjjg==
  optionalDependencies:
    turbo-android-arm64 "1.3.1"
    turbo-darwin-64 "1.3.1"
    turbo-darwin-arm64 "1.3.1"
    turbo-freebsd-64 "1.3.1"
    turbo-freebsd-arm64 "1.3.1"
    turbo-linux-32 "1.3.1"
    turbo-linux-64 "1.3.1"
    turbo-linux-arm "1.3.1"
    turbo-linux-arm64 "1.3.1"
    turbo-linux-mips64le "1.3.1"
    turbo-linux-ppc64le "1.3.1"
    turbo-windows-32 "1.3.1"
    turbo-windows-64 "1.3.1"
    turbo-windows-arm64 "1.3.1"
